
Microsoft Visual Studio Solution File, Format Version 11.00
# Visual Studio 2010
Project("{FAE04EC0-301F-11D3-BF4B-00C04F79EFBC}") = "ClassLibrary1", "ClassLibrary1\ClassLibrary1.csproj", "{494026A1-1F8D-4774-82A5-C5D1E36278C1}"
EndProject
Global
	GlobalSection(SolutionConfigurationPlatforms) = preSolution
		Debug|Any CPU = Debug|Any CPU
		Release|Any CPU = Release|Any CPU
	EndGlobalSection
	GlobalSection(ProjectConfigurationPlatforms) = postSolution
		{494026A1-1F8D-4774-82A5-C5D1E36278C1}.Debug|Any CPU.ActiveCfg = Debug|Any CPU
		{494026A1-1F8D-4774-82A5-C5D1E36278C1}.Debug|Any CPU.Build.0 = Debug|Any CPU
		{494026A1-1F8D-4774-82A5-C5D1E36278C1}.Release|Any CPU.ActiveCfg = Release|Any CPU
		{494026A1-1F8D-4774-82A5-C5D1E36278C1}.Release|Any CPU.Build.0 = Release|Any CPU
	EndGlobalSection
	GlobalSection(SolutionProperties) = preSolution
		HideSolutionNode = FALSE
	EndGlobalSection
EndGlobal
